
Microsoft Visual Studio Solution File, Format Version 12.00
# Visual Studio 15
Project("{FAE04EC0-301F-11D3-BF4B-00C04F79EFBC}") = "Assembly-CSharp", "Assembly-CSharp.csproj", "{E1227A93-6A5D-4681-4810-76F5D4212D02}"
EndProject
Global
	GlobalSection(SolutionConfigurationPlatforms) = preSolution
		Debug|Any CPU = Debug|Any CPU
		Release|Any CPU = Release|Any CPU
	EndGlobalSection
	GlobalSection(ProjectConfigurationPlatforms) = postSolution
		{E1227A93-6A5D-4681-4810-76F5D4212D02}.Debug|Any CPU.ActiveCfg = Debug|Any CPU
		{E1227A93-6A5D-4681-4810-76F5D4212D02}.Debug|Any CPU.Build.0 = Debug|Any CPU
		{E1227A93-6A5D-4681-4810-76F5D4212D02}.Release|Any CPU.ActiveCfg = Release|Any CPU
		{E1227A93-6A5D-4681-4810-76F5D4212D02}.Release|Any CPU.Build.0 = Release|Any CPU
	EndGlobalSection
	GlobalSection(SolutionProperties) = preSolution
		HideSolutionNode = FALSE
	EndGlobalSection
EndGlobal
